
Microsoft Visual Studio Solution File, Format Version 12.00
# Visual Studio Version 17
VisualStudioVersion = 17.9.34723.18
MinimumVisualStudioVersion = 10.0.40219.1
Project("{2150E333-8FDC-42A3-9474-1A3956D46DE8}") = "src", "src", "{DA752D70-E611-4E7E-931C-F2184415F6FA}"
EndProject
Project("{2150E333-8FDC-42A3-9474-1A3956D46DE8}") = "tests", "tests", "{48E77EF3-0A05-4822-A4CE-20EF0B956E3D}"
EndProject
Project("{2150E333-8FDC-42A3-9474-1A3956D46DE8}") = "Core", "Core", "{AC4ACB69-14AE-498D-B7A6-AEE1A661A04F}"
EndProject
Project("{2150E333-8FDC-42A3-9474-1A3956D46DE8}") = "Application", "Application", "{41827051-F553-404C-B7C7-4B7C82986C3E}"
EndProject
Project("{2150E333-8FDC-42A3-9474-1A3956D46DE8}") = "Infrastructure", "Infrastructure", "{F38796C6-C4DD-481F-A79D-DD3EFA93624B}"
EndProject
Project("{9A19103F-16F7-4668-BE54-9A1E7A4F7556}") = "ABO.ToDoApp.DIC", "src\Application\ABO.ToDoApp.DIC\ABO.ToDoApp.DIC.csproj", "{7D1158A9-8E9A-4C2B-903C-921FEC54AA05}"
EndProject
Project("{9A19103F-16F7-4668-BE54-9A1E7A4F7556}") = "ABO.ToDoApp.Domain", "src\Core\ABO.ToDoApp.Domain\ABO.ToDoApp.Domain.csproj", "{D5AD9BA8-77C3-4AC6-8FA6-59133BCA697F}"
EndProject
Project("{9A19103F-16F7-4668-BE54-9A1E7A4F7556}") = "ABO.ToDoApp.Application", "src\Core\ABO.ToDoApp.Application\ABO.ToDoApp.Application.csproj", "{D408ECE2-4C99-454E-BDF9-6CBD160C8195}"
EndProject
Project("{9A19103F-16F7-4668-BE54-9A1E7A4F7556}") = "ABO.ToDoApp.Infrastructure", "src\Infrastructure\ABO.ToDoApp.Infrastructure\ABO.ToDoApp.Infrastructure.csproj", "{D1D6AE2F-4C6F-4627-A462-1DA68A1F2002}"
EndProject
Project("{9A19103F-16F7-4668-BE54-9A1E7A4F7556}") = "ABO.ToDoApp.Shared", "src\Application\ABO.ToDoApp.Shared\ABO.ToDoApp.Shared.csproj", "{38A80319-ED17-4F07-9573-E7515E8F97D0}"
EndProject
Global
	GlobalSection(SolutionConfigurationPlatforms) = preSolution
		Debug|Any CPU = Debug|Any CPU
		Release|Any CPU = Release|Any CPU
	EndGlobalSection
	GlobalSection(ProjectConfigurationPlatforms) = postSolution
		{7D1158A9-8E9A-4C2B-903C-921FEC54AA05}.Debug|Any CPU.ActiveCfg = Debug|Any CPU
		{7D1158A9-8E9A-4C2B-903C-921FEC54AA05}.Debug|Any CPU.Build.0 = Debug|Any CPU
		{7D1158A9-8E9A-4C2B-903C-921FEC54AA05}.Release|Any CPU.ActiveCfg = Release|Any CPU
		{7D1158A9-8E9A-4C2B-903C-921FEC54AA05}.Release|Any CPU.Build.0 = Release|Any CPU
		{D5AD9BA8-77C3-4AC6-8FA6-59133BCA697F}.Debug|Any CPU.ActiveCfg = Debug|Any CPU
		{D5AD9BA8-77C3-4AC6-8FA6-59133BCA697F}.Debug|Any CPU.Build.0 = Debug|Any CPU
		{D5AD9BA8-77C3-4AC6-8FA6-59133BCA697F}.Release|Any CPU.ActiveCfg = Release|Any CPU
		{D5AD9BA8-77C3-4AC6-8FA6-59133BCA697F}.Release|Any CPU.Build.0 = Release|Any CPU
		{D408ECE2-4C99-454E-BDF9-6CBD160C8195}.Debug|Any CPU.ActiveCfg = Debug|Any CPU
		{D408ECE2-4C99-454E-BDF9-6CBD160C8195}.Debug|Any CPU.Build.0 = Debug|Any CPU
		{D408ECE2-4C99-454E-BDF9-6CBD160C8195}.Release|Any CPU.ActiveCfg = Release|Any CPU
		{D408ECE2-4C99-454E-BDF9-6CBD160C8195}.Release|Any CPU.Build.0 = Release|Any CPU
		{D1D6AE2F-4C6F-4627-A462-1DA68A1F2002}.Debug|Any CPU.ActiveCfg = Debug|Any CPU
		{D1D6AE2F-4C6F-4627-A462-1DA68A1F2002}.Debug|Any CPU.Build.0 = Debug|Any CPU
		{D1D6AE2F-4C6F-4627-A462-1DA68A1F2002}.Release|Any CPU.ActiveCfg = Release|Any CPU
		{D1D6AE2F-4C6F-4627-A462-1DA68A1F2002}.Release|Any CPU.Build.0 = Release|Any CPU
		{38A80319-ED17-4F07-9573-E7515E8F97D0}.Debug|Any CPU.ActiveCfg = Debug|Any CPU
		{38A80319-ED17-4F07-9573-E7515E8F97D0}.Debug|Any CPU.Build.0 = Debug|Any CPU
		{38A80319-ED17-4F07-9573-E7515E8F97D0}.Release|Any CPU.ActiveCfg = Release|Any CPU
		{38A80319-ED17-4F07-9573-E7515E8F97D0}.Release|Any CPU.Build.0 = Release|Any CPU
	EndGlobalSection
	GlobalSection(SolutionProperties) = preSolution
		HideSolutionNode = FALSE
	EndGlobalSection
	GlobalSection(NestedProjects) = preSolution
		{AC4ACB69-14AE-498D-B7A6-AEE1A661A04F} = {DA752D70-E611-4E7E-931C-F2184415F6FA}
		{41827051-F553-404C-B7C7-4B7C82986C3E} = {DA752D70-E611-4E7E-931C-F2184415F6FA}
		{F38796C6-C4DD-481F-A79D-DD3EFA93624B} = {DA752D70-E611-4E7E-931C-F2184415F6FA}
		{7D1158A9-8E9A-4C2B-903C-921FEC54AA05} = {41827051-F553-404C-B7C7-4B7C82986C3E}
		{D5AD9BA8-77C3-4AC6-8FA6-59133BCA697F} = {AC4ACB69-14AE-498D-B7A6-AEE1A661A04F}
		{D408ECE2-4C99-454E-BDF9-6CBD160C8195} = {AC4ACB69-14AE-498D-B7A6-AEE1A661A04F}
		{D1D6AE2F-4C6F-4627-A462-1DA68A1F2002} = {F38796C6-C4DD-481F-A79D-DD3EFA93624B}
		{38A80319-ED17-4F07-9573-E7515E8F97D0} = {41827051-F553-404C-B7C7-4B7C82986C3E}
	EndGlobalSection
	GlobalSection(ExtensibilityGlobals) = postSolution
		SolutionGuid = {3B4092E0-C5BA-4B73-BF45-4A620606858C}
	EndGlobalSection
EndGlobal
